// !$*UTF8*$!
{
	archiveVersion = 1;
	classes = {
	};
	objectVersion = 46;
	objects = {

/* Begin PBXGroup section */
		E6D2D9A2174B4F80007FEC09 = {
			isa = PBXGroup;
			children = (
			);
			sourceTree = "<group>";
		};
/* End PBXGroup section */

/* Begin PBXProject section */
		E6D2D9A3174B4F80007FEC09 /* Project object */ = {
			isa = PBXProject;
			attributes = {
				LastUpgradeCheck = 0460;
			};
			buildConfigurationList = E6D2D9A6174B4F80007FEC09 /* Build configuration list for PBXProject "new" */;
			compatibilityVersion = "Xcode 3.2";
			developmentRegion = English;
			hasScannedForEncodings = 0;
			knownRegions = (
				en,
			);
			mainGroup = E6D2D9A2174B4F80007FEC09;
			projectDirPath = "";
			projectRoot = "";
			targets = (
			);
		};
/* End PBXProject section */

/* Begin XCBuildConfiguration section */
		E6D2D9A7174B4F80007FEC09 /* Debug */ = {
			isa = XCBuildConfiguration;
			buildSettings = {
			};
			name = Debug;
		};
		E6D2D9A8174B4F80007FEC09 /* Release */ = {
			isa = XCBuildConfiguration;
			buildSettings = {
			};
			name = Release;
		};
/* End XCBuildConfiguration section */

/* Begin XCConfigurationList section */
		E6D2D9A6174B4F80007FEC09 /* Build configuration list for PBXProject "new" */ = {
			isa = XCConfigurationList;
			buildConfigurations = (
				E6D2D9A7174B4F80007FEC09 /* Debug */,
				E6D2D9A8174B4F80007FEC09 /* Release */,
			);
			defaultConfigurationIsVisible = 0;
			defaultConfigurationName = Release;
		};
/* End XCConfigurationList section */
	};
	rootObject = E6D2D9A3174B4F80007FEC09 /* Project object */;
}
